<?xml version="1.0" encoding="UTF-8" standalone="yes" ?>
<CodeBlocks_project_file>
	<FileVersion major="1" minor="6" />
	<Project>
		<Option title="Skydda" />
		<Option pch_mode="2" />
		<Option compiler="gcc" />
		<Build>
			<Target title="Debug">
				<Option output="bin/Debug/Skydda" prefix_auto="1" extension_auto="1" />
				<Option object_output="obj/Debug/" />
				<Option type="1" />
				<Option compiler="gcc" />
				<Option use_console_runner="0" />
				<Compiler>
					<Add option="-g" />
					<Add option="-DSFML_STATIC" />
					<Add directory="lib/SFML-2.5.1/include" />
					<Add directory="include" />
				</Compiler>
				<Linker>
					<Add library="sfml-graphics" />
					<Add library="sfml-window" />
					<Add library="sfml-system" />
					<Add directory="lib/SFML-2.5.1/lib" />
				</Linker>
			</Target>
			<Target title="Release">
				<Option output="bin/Release/Skydda" prefix_auto="1" extension_auto="1" />
				<Option object_output="obj/Release/" />
				<Option type="0" />
				<Option compiler="gcc" />
				<Compiler>
					<Add option="-O2" />
					<Add directory="lib/SFML-2.5.1/include" />
					<Add directory="include" />
				</Compiler>
				<Linker>
					<Add option="-s" />
					<Add library="sfml-graphics" />
					<Add library="sfml-window" />
					<Add library="sfml-system" />
					<Add directory="lib/SFML-2.5.1/lib" />
				</Linker>
			</Target>
		</Build>
		<Compiler>
			<Add option="-Wall" />
		</Compiler>
		<Unit filename="cb.bmp" />
		<Unit filename="include/CoupleFloat.h" />
		<Unit filename="include/CoupleVectorTransformer.h" />
		<Unit filename="include/Movement.h" />
		<Unit filename="include/Platform.h" />
		<Unit filename="include/PlatformView.h" />
		<Unit filename="include/Player.h" />
		<Unit filename="include/PlayerView.h" />
		<Unit filename="include/Position.h" />
		<Unit filename="include/Size.h" />
		<Unit filename="include/TextureLoader.h" />
		<Unit filename="main.cpp" />
		<Unit filename="src/CoupleFloat.cpp" />
		<Unit filename="src/CoupleVectorTransformer.cpp" />
		<Unit filename="src/Movement.cpp" />
		<Unit filename="src/Platform.cpp" />
		<Unit filename="src/PlatformView.cpp" />
		<Unit filename="src/Player.cpp" />
		<Unit filename="src/PlayerView.cpp" />
		<Unit filename="src/Position.cpp" />
		<Unit filename="src/Size.cpp" />
		<Unit filename="src/TextureLoader.cpp" />
		<Extensions>
			<lib_finder disable_auto="1" />
		</Extensions>
	</Project>
</CodeBlocks_project_file>
